
Microsoft Visual Studio Solution File, Format Version 12.00
# Visual Studio Version 17
VisualStudioVersion = 17.8.34408.163
MinimumVisualStudioVersion = 10.0.40219.1
Project("{9A19103F-16F7-4668-BE54-9A1E7A4F7556}") = "NTierApplication", "..\NTierApplication\NTierApplication.csproj", "{4D69F243-05C3-4A86-8825-609EE1D55E97}"
EndProject
Project("{9A19103F-16F7-4668-BE54-9A1E7A4F7556}") = "NTierAppliction.Domain", "..\NTierAppliction.Domain\NTierAppliction.Domain.csproj", "{BF5BF607-7FAA-46FE-AE98-C9ADB9194504}"
EndProject
Project("{9A19103F-16F7-4668-BE54-9A1E7A4F7556}") = "NTierApplication.Web", "..\NTierApplication.Web\NTierApplication.Web.csproj", "{8A6EF260-D28B-406C-BEFC-8B0D05E1DFA2}"
EndProject
Project("{9A19103F-16F7-4668-BE54-9A1E7A4F7556}") = "NTierApplication.Infrastructure", "..\NTierApplication.Infrastructure\NTierApplication.Infrastructure.csproj", "{969C140A-DA61-4E3B-922E-8A7F9F75AAB4}"
EndProject
Project("{9A19103F-16F7-4668-BE54-9A1E7A4F7556}") = "NTierApplication.Servece", "..\NTierApplication.Servece\NTierApplication.Servece.csproj", "{02F17966-AC02-4673-B785-B06CD6A18EC1}"
EndProject
Project("{9A19103F-16F7-4668-BE54-9A1E7A4F7556}") = "NTierApplication.Core", "NTierApplication.Core.csproj", "{F6D70059-BB0D-483E-BD1F-D2A8CA523101}"
EndProject
Global
	GlobalSection(SolutionConfigurationPlatforms) = preSolution
		Debug|Any CPU = Debug|Any CPU
		Release|Any CPU = Release|Any CPU
	EndGlobalSection
	GlobalSection(ProjectConfigurationPlatforms) = postSolution
		{4D69F243-05C3-4A86-8825-609EE1D55E97}.Debug|Any CPU.ActiveCfg = Debug|Any CPU
		{4D69F243-05C3-4A86-8825-609EE1D55E97}.Debug|Any CPU.Build.0 = Debug|Any CPU
		{4D69F243-05C3-4A86-8825-609EE1D55E97}.Release|Any CPU.ActiveCfg = Release|Any CPU
		{4D69F243-05C3-4A86-8825-609EE1D55E97}.Release|Any CPU.Build.0 = Release|Any CPU
		{BF5BF607-7FAA-46FE-AE98-C9ADB9194504}.Debug|Any CPU.ActiveCfg = Debug|Any CPU
		{BF5BF607-7FAA-46FE-AE98-C9ADB9194504}.Debug|Any CPU.Build.0 = Debug|Any CPU
		{BF5BF607-7FAA-46FE-AE98-C9ADB9194504}.Release|Any CPU.ActiveCfg = Release|Any CPU
		{BF5BF607-7FAA-46FE-AE98-C9ADB9194504}.Release|Any CPU.Build.0 = Release|Any CPU
		{8A6EF260-D28B-406C-BEFC-8B0D05E1DFA2}.Debug|Any CPU.ActiveCfg = Debug|Any CPU
		{8A6EF260-D28B-406C-BEFC-8B0D05E1DFA2}.Debug|Any CPU.Build.0 = Debug|Any CPU
		{8A6EF260-D28B-406C-BEFC-8B0D05E1DFA2}.Release|Any CPU.ActiveCfg = Release|Any CPU
		{8A6EF260-D28B-406C-BEFC-8B0D05E1DFA2}.Release|Any CPU.Build.0 = Release|Any CPU
		{969C140A-DA61-4E3B-922E-8A7F9F75AAB4}.Debug|Any CPU.ActiveCfg = Debug|Any CPU
		{969C140A-DA61-4E3B-922E-8A7F9F75AAB4}.Debug|Any CPU.Build.0 = Debug|Any CPU
		{969C140A-DA61-4E3B-922E-8A7F9F75AAB4}.Release|Any CPU.ActiveCfg = Release|Any CPU
		{969C140A-DA61-4E3B-922E-8A7F9F75AAB4}.Release|Any CPU.Build.0 = Release|Any CPU
		{02F17966-AC02-4673-B785-B06CD6A18EC1}.Debug|Any CPU.ActiveCfg = Debug|Any CPU
		{02F17966-AC02-4673-B785-B06CD6A18EC1}.Debug|Any CPU.Build.0 = Debug|Any CPU
		{02F17966-AC02-4673-B785-B06CD6A18EC1}.Release|Any CPU.ActiveCfg = Release|Any CPU
		{02F17966-AC02-4673-B785-B06CD6A18EC1}.Release|Any CPU.Build.0 = Release|Any CPU
		{F6D70059-BB0D-483E-BD1F-D2A8CA523101}.Debug|Any CPU.ActiveCfg = Debug|Any CPU
		{F6D70059-BB0D-483E-BD1F-D2A8CA523101}.Debug|Any CPU.Build.0 = Debug|Any CPU
		{F6D70059-BB0D-483E-BD1F-D2A8CA523101}.Release|Any CPU.ActiveCfg = Release|Any CPU
		{F6D70059-BB0D-483E-BD1F-D2A8CA523101}.Release|Any CPU.Build.0 = Release|Any CPU
	EndGlobalSection
	GlobalSection(SolutionProperties) = preSolution
		HideSolutionNode = FALSE
	EndGlobalSection
	GlobalSection(ExtensibilityGlobals) = postSolution
		SolutionGuid = {7DF227F4-2889-413A-BD5C-C097CB56C341}
	EndGlobalSection
EndGlobal
