
Microsoft Visual Studio Solution File, Format Version 12.00
# Visual Studio Version 17
VisualStudioVersion = 17.8.34408.163
MinimumVisualStudioVersion = 10.0.40219.1
Project("{FAE04EC0-301F-11D3-BF4B-00C04F79EFBC}") = "NTierAppliction.Domain", "..\NTierAppliction.Domain\NTierAppliction.Domain.csproj", "{1D86B682-2FEB-4A13-AEF3-D8DDC8FDEFD6}"
EndProject
Project("{FAE04EC0-301F-11D3-BF4B-00C04F79EFBC}") = "NTierApplication.Web", "..\NTierApplication.Web\NTierApplication.Web.csproj", "{D026F6C1-54E9-49AF-A8B2-B7B32624C827}"
EndProject
Project("{FAE04EC0-301F-11D3-BF4B-00C04F79EFBC}") = "NTierApplication.Infrastructure", "..\NTierApplication.Infrastructure\NTierApplication.Infrastructure.csproj", "{C6FA5625-22FF-4E95-8962-6343A323031C}"
EndProject
Project("{FAE04EC0-301F-11D3-BF4B-00C04F79EFBC}") = "NTierApplication.Servece", "..\NTierApplication.Servece\NTierApplication.Servece.csproj", "{0D5E8E5A-765E-481A-A8FE-80E7795B7CE6}"
EndProject
Project("{FAE04EC0-301F-11D3-BF4B-00C04F79EFBC}") = "NTierApplication.Core", "..\NTierApplication.Core\NTierApplication.Core.csproj", "{91AF3353-5107-4082-A117-01611B42B71A}"
EndProject
Global
	GlobalSection(SolutionConfigurationPlatforms) = preSolution
		Debug|Any CPU = Debug|Any CPU
		Release|Any CPU = Release|Any CPU
	EndGlobalSection
	GlobalSection(ProjectConfigurationPlatforms) = postSolution
		{1D86B682-2FEB-4A13-AEF3-D8DDC8FDEFD6}.Debug|Any CPU.ActiveCfg = Debug|Any CPU
		{1D86B682-2FEB-4A13-AEF3-D8DDC8FDEFD6}.Debug|Any CPU.Build.0 = Debug|Any CPU
		{1D86B682-2FEB-4A13-AEF3-D8DDC8FDEFD6}.Release|Any CPU.ActiveCfg = Release|Any CPU
		{1D86B682-2FEB-4A13-AEF3-D8DDC8FDEFD6}.Release|Any CPU.Build.0 = Release|Any CPU
		{D026F6C1-54E9-49AF-A8B2-B7B32624C827}.Debug|Any CPU.ActiveCfg = Debug|Any CPU
		{D026F6C1-54E9-49AF-A8B2-B7B32624C827}.Debug|Any CPU.Build.0 = Debug|Any CPU
		{D026F6C1-54E9-49AF-A8B2-B7B32624C827}.Release|Any CPU.ActiveCfg = Release|Any CPU
		{D026F6C1-54E9-49AF-A8B2-B7B32624C827}.Release|Any CPU.Build.0 = Release|Any CPU
		{C6FA5625-22FF-4E95-8962-6343A323031C}.Debug|Any CPU.ActiveCfg = Debug|Any CPU
		{C6FA5625-22FF-4E95-8962-6343A323031C}.Debug|Any CPU.Build.0 = Debug|Any CPU
		{C6FA5625-22FF-4E95-8962-6343A323031C}.Release|Any CPU.ActiveCfg = Release|Any CPU
		{C6FA5625-22FF-4E95-8962-6343A323031C}.Release|Any CPU.Build.0 = Release|Any CPU
		{0D5E8E5A-765E-481A-A8FE-80E7795B7CE6}.Debug|Any CPU.ActiveCfg = Debug|Any CPU
		{0D5E8E5A-765E-481A-A8FE-80E7795B7CE6}.Debug|Any CPU.Build.0 = Debug|Any CPU
		{0D5E8E5A-765E-481A-A8FE-80E7795B7CE6}.Release|Any CPU.ActiveCfg = Release|Any CPU
		{0D5E8E5A-765E-481A-A8FE-80E7795B7CE6}.Release|Any CPU.Build.0 = Release|Any CPU
		{91AF3353-5107-4082-A117-01611B42B71A}.Debug|Any CPU.ActiveCfg = Debug|Any CPU
		{91AF3353-5107-4082-A117-01611B42B71A}.Debug|Any CPU.Build.0 = Debug|Any CPU
		{91AF3353-5107-4082-A117-01611B42B71A}.Release|Any CPU.ActiveCfg = Release|Any CPU
		{91AF3353-5107-4082-A117-01611B42B71A}.Release|Any CPU.Build.0 = Release|Any CPU
	EndGlobalSection
	GlobalSection(SolutionProperties) = preSolution
		HideSolutionNode = FALSE
	EndGlobalSection
	GlobalSection(ExtensibilityGlobals) = postSolution
		SolutionGuid = {F7003BE4-05BF-42D4-9C8E-40E393FF484A}
	EndGlobalSection
EndGlobal
